
Microsoft Visual Studio Solution File, Format Version 12.00
# Visual Studio Version 17
VisualStudioVersion = 17.14.37012.4 d17.14
MinimumVisualStudioVersion = 10.0.40219.1
Project("{FAE04EC0-301F-11D3-BF4B-00C04F79EFBC}") = "BotTeamsAdmin", "BotTeamsAdmin.csproj", "{FBB7F917-E36A-404B-A053-5739BA781951}"
EndProject
Global
	GlobalSection(SolutionConfigurationPlatforms) = preSolution
		Debug|Any CPU = Debug|Any CPU
		Release|Any CPU = Release|Any CPU
	EndGlobalSection
	GlobalSection(ProjectConfigurationPlatforms) = postSolution
		{FBB7F917-E36A-404B-A053-5739BA781951}.Debug|Any CPU.ActiveCfg = Debug|Any CPU
		{FBB7F917-E36A-404B-A053-5739BA781951}.Debug|Any CPU.Build.0 = Debug|Any CPU
		{FBB7F917-E36A-404B-A053-5739BA781951}.Release|Any CPU.ActiveCfg = Release|Any CPU
		{FBB7F917-E36A-404B-A053-5739BA781951}.Release|Any CPU.Build.0 = Release|Any CPU
	EndGlobalSection
	GlobalSection(SolutionProperties) = preSolution
		HideSolutionNode = FALSE
	EndGlobalSection
	GlobalSection(ExtensibilityGlobals) = postSolution
		SolutionGuid = {3424F3A7-120E-4B36-9A26-770250203E13}
	EndGlobalSection
EndGlobal
